<?xml version="1.0" encoding="utf-8"?>
<Project ToolsVersion="4.0" xmlns="http://schemas.microsoft.com/developer/msbuild/2003">
  <ItemGroup>
    <Filter Include="Source Files">
      <UniqueIdentifier>{4FC737F1-C7A5-4376-A066-2A32D752A2FF}</UniqueIdentifier>
      <Extensions>cpp;c;cc;cxx;def;odl;idl;hpj;bat;asm;asmx</Extensions>
    </Filter>
    <Filter Include="Source Files\log">
      <UniqueIdentifier>{e1b779d9-e8e7-41c9-a8b3-f9123ced42a3}</UniqueIdentifier>
    </Filter>
    <Filter Include="Source Files\includes">
      <UniqueIdentifier>{f940d8d7-bc04-41f5-9e00-db73b77b6b90}</UniqueIdentifier>
    </Filter>
    <Filter Include="Header Files">
      <UniqueIdentifier>{93995380-89BD-4b04-88EB-625FBE52EBFB}</UniqueIdentifier>
      <Extensions>h;hpp;hxx;hm;inl;inc;xsd</Extensions>
    </Filter>
    <Filter Include="Prec Header">
      <UniqueIdentifier>{13de8ae4-71b3-4936-9a4d-928fe986d9f1}</UniqueIdentifier>
    </Filter>
  </ItemGroup>
  <ItemGroup>
    <ClCompile Include="code\WebCore.cpp">
      <Filter>Source Files</Filter>
    </ClCompile>
    <ClCompile Include="code\WebCoreMain.cpp">
      <Filter>Source Files</Filter>
    </ClCompile>
    <ClCompile Include="code\log.cpp">
      <Filter>Source Files\log</Filter>
    </ClCompile>
    <ClCompile Include="code\WebCore_Internal.cpp">
      <Filter>Source Files</Filter>
    </ClCompile>
    <ClCompile Include="code\WebCore_External.cpp">
      <Filter>Source Files</Filter>
    </ClCompile>
    <ClCompile Include="code\ImageCache.cpp">
      <Filter>Source Files</Filter>
    </ClCompile>
    <ClCompile Include="..\..\common\Common.cpp">
      <Filter>Source Files</Filter>
    </ClCompile>
  </ItemGroup>
  <ItemGroup>
    <ClInclude Include="code\WebCore.h">
      <Filter>Source Files</Filter>
    </ClInclude>
    <ClInclude Include="code\log.h">
      <Filter>Source Files\log</Filter>
    </ClInclude>
    <ClInclude Include="..\..\include\webcore\DLLVersion.h">
      <Filter>Source Files\includes</Filter>
    </ClInclude>
    <ClInclude Include="..\..\include\webcore\ResumeUploadInfo.h">
      <Filter>Source Files\includes</Filter>
    </ClInclude>
    <ClInclude Include="..\..\include\webcore\WebCoreI.h">
      <Filter>Source Files\includes</Filter>
    </ClInclude>
    <ClInclude Include="..\..\include\webcore\DumpInfo.h">
      <Filter>Source Files\includes</Filter>
    </ClInclude>
    <ClInclude Include="..\..\include\webcore\DownloadImageInfo.h">
      <Filter>Source Files\includes</Filter>
    </ClInclude>
    <ClInclude Include="code\ImageCache.h">
      <Filter>Source Files</Filter>
    </ClInclude>
    <ClInclude Include="..\..\common\Common.h">
      <Filter>Header Files</Filter>
    </ClInclude>
  </ItemGroup>
  <ItemGroup>
    <ResourceCompile Include="RES\webcore.rc" />
  </ItemGroup>
</Project>