<?xml version="1.0" encoding="utf-8"?>
<Project ToolsVersion="4.0" xmlns="http://schemas.microsoft.com/developer/msbuild/2003">
  <ItemGroup>
    <Filter Include="Source Files">
      <UniqueIdentifier>{4FC737F1-C7A5-4376-A066-2A32D752A2FF}</UniqueIdentifier>
      <Extensions>cpp;c;cc;cxx;def;odl;idl;hpj;bat;asm;asmx</Extensions>
    </Filter>
    <Filter Include="Header Files">
      <UniqueIdentifier>{93995380-89BD-4b04-88EB-625FBE52EBFB}</UniqueIdentifier>
      <Extensions>h;hpp;hxx;hm;inl;inc;xsd</Extensions>
    </Filter>
    <Filter Include="Prec Header">
      <UniqueIdentifier>{864bad65-8a33-41f4-8331-76d22d4eeb22}</UniqueIdentifier>
    </Filter>
    <Filter Include="Source Files\win">
      <UniqueIdentifier>{d05801b3-8a15-414a-8eb1-19cc323611f6}</UniqueIdentifier>
    </Filter>
    <Filter Include="Source Files\md5">
      <UniqueIdentifier>{8571f517-a495-4e92-9423-6ed364d831cd}</UniqueIdentifier>
    </Filter>
    <Filter Include="Source Files\hash">
      <UniqueIdentifier>{31ab996b-6b55-4b06-a375-1b3c8f89420a}</UniqueIdentifier>
    </Filter>
    <Filter Include="Source Files\utf8">
      <UniqueIdentifier>{38fb7386-59f5-4e8e-af04-23f3edea7e96}</UniqueIdentifier>
    </Filter>
  </ItemGroup>
  <ItemGroup>
    <ClCompile Include="code\UtilString.cpp">
      <Filter>Source Files</Filter>
    </ClCompile>
    <ClCompile Include="code\UtilWeb.cpp">
      <Filter>Source Files</Filter>
    </ClCompile>
    <ClCompile Include="code\UtilBZip2.cpp">
      <Filter>Source Files</Filter>
    </ClCompile>
    <ClCompile Include="code\UtilMisc.cpp">
      <Filter>Source Files</Filter>
    </ClCompile>
    <ClCompile Include="code\gcDDE.cpp">
      <Filter>Source Files\win</Filter>
    </ClCompile>
    <ClCompile Include="code\gcDDEManager.cpp">
      <Filter>Source Files\win</Filter>
    </ClCompile>
    <ClCompile Include="code\third_party\md5.cpp">
      <Filter>Source Files\md5</Filter>
    </ClCompile>
    <ClCompile Include="code\MD5Progressive.cpp">
      <Filter>Source Files\md5</Filter>
    </ClCompile>
    <ClCompile Include="code\MD5Wrapper.cpp">
      <Filter>Source Files\md5</Filter>
    </ClCompile>
    <ClCompile Include="code\third_party\GeneralHashFunctions.cpp">
      <Filter>Source Files\hash</Filter>
    </ClCompile>
    <ClCompile Include="code\UtilFsPath.cpp">
      <Filter>Source Files</Filter>
    </ClCompile>
    <ClCompile Include="code\gcBuff.cpp">
      <Filter>Source Files</Filter>
    </ClCompile>
    <ClCompile Include="code\UtilWindows.cpp">
      <Filter>Source Files\win</Filter>
    </ClCompile>
    <ClCompile Include="code\UtilWindows_service.cpp">
      <Filter>Source Files\win</Filter>
    </ClCompile>
    <ClCompile Include="code\UtilWindows_osver.cpp">
      <Filter>Source Files\win</Filter>
    </ClCompile>
    <ClCompile Include="code\UtilWindows_dotnet.cpp">
      <Filter>Source Files\win</Filter>
    </ClCompile>
    <ClCompile Include="code\UtilMisc_ico.cpp">
      <Filter>Source Files</Filter>
    </ClCompile>
    <ClCompile Include="code\UtilMisc_sha1.cpp">
      <Filter>Source Files</Filter>
    </ClCompile>
    <ClCompile Include="code\UtilOs.cpp">
      <Filter>Source Files</Filter>
    </ClCompile>
    <ClCompile Include="code\third_party\WinXPSP2FireWall.cpp">
      <Filter>Source Files\win</Filter>
    </ClCompile>
    <ClCompile Include="..\..\common\Common.cpp">
      <Filter>Source Files</Filter>
    </ClCompile>
    <ClCompile Include="code\UtilWindows_firewall.cpp">
      <Filter>Source Files</Filter>
    </ClCompile>
  </ItemGroup>
  <ItemGroup>
    <ClInclude Include="code\gcDDEManager.h">
      <Filter>Source Files\win</Filter>
    </ClInclude>
    <ClInclude Include="code\MD5Wrapper.h">
      <Filter>Source Files\md5</Filter>
    </ClInclude>
    <ClInclude Include="code\third_party\md5.h">
      <Filter>Source Files\md5</Filter>
    </ClInclude>
    <ClInclude Include="code\third_party\GeneralHashFunctions.h">
      <Filter>Source Files\hash</Filter>
    </ClInclude>
    <ClInclude Include="code\third_party\unchecked.h">
      <Filter>Source Files\utf8</Filter>
    </ClInclude>
    <ClInclude Include="code\third_party\checked.h">
      <Filter>Source Files\utf8</Filter>
    </ClInclude>
    <ClInclude Include="code\third_party\core.h">
      <Filter>Source Files\utf8</Filter>
    </ClInclude>
    <ClInclude Include="code\third_party\utf8.h">
      <Filter>Source Files\utf8</Filter>
    </ClInclude>
    <ClInclude Include="code\third_party\WinXPSP2FireWall.h">
      <Filter>Source Files\win</Filter>
    </ClInclude>
    <ClInclude Include="..\..\include\util\gcBuff.h">
      <Filter>Source Files</Filter>
    </ClInclude>
    <ClInclude Include="..\..\include\util\gcString.h">
      <Filter>Source Files</Filter>
    </ClInclude>
    <ClInclude Include="..\..\include\util\UtilCallback.h">
      <Filter>Source Files</Filter>
    </ClInclude>
    <ClInclude Include="..\..\include\util\UtilFs.h">
      <Filter>Source Files</Filter>
    </ClInclude>
    <ClInclude Include="..\..\include\util\UtilFsPath.h">
      <Filter>Source Files</Filter>
    </ClInclude>
    <ClInclude Include="..\..\include\util\UtilMisc.h">
      <Filter>Source Files</Filter>
    </ClInclude>
    <ClInclude Include="..\..\include\util\UtilOs.h">
      <Filter>Source Files</Filter>
    </ClInclude>
    <ClInclude Include="..\..\include\util\UtilString.h">
      <Filter>Source Files</Filter>
    </ClInclude>
    <ClInclude Include="..\..\include\util\UtilWeb.h">
      <Filter>Source Files</Filter>
    </ClInclude>
    <ClInclude Include="..\..\include\util\gcDDE.h">
      <Filter>Source Files\win</Filter>
    </ClInclude>
    <ClInclude Include="..\..\include\util\UtilWindows.h">
      <Filter>Source Files\win</Filter>
    </ClInclude>
    <ClInclude Include="..\..\include\util\MD5Progressive.h">
      <Filter>Source Files\md5</Filter>
    </ClInclude>
  </ItemGroup>
</Project>