<?xml version="1.0" encoding="utf-8"?>
<Project ToolsVersion="4.0" xmlns="http://schemas.microsoft.com/developer/msbuild/2003">
  <ItemGroup>
    <ClCompile Include="code\CrashuploaderMain.cpp">
      <Filter>source</Filter>
    </ClCompile>
    <ClCompile Include="..\..\common\Common.cpp" />
  </ItemGroup>
  <ItemGroup>
    <Filter Include="source">
      <UniqueIdentifier>{e553349f-a32e-41e3-908e-658d57160d2d}</UniqueIdentifier>
    </Filter>
    <Filter Include="resources">
      <UniqueIdentifier>{f7f71052-a21b-4996-b76d-6c6d2add1df9}</UniqueIdentifier>
    </Filter>
  </ItemGroup>
  <ItemGroup>
    <ResourceCompile Include="RES\crashuploader.rc">
      <Filter>resources</Filter>
    </ResourceCompile>
  </ItemGroup>
</Project>