<?xml version="1.0" encoding="utf-8"?>
<Project ToolsVersion="4.0" xmlns="http://schemas.microsoft.com/developer/msbuild/2003">
  <ItemGroup>
    <Filter Include="source">
      <UniqueIdentifier>{0b266490-0a36-4765-a13c-5863f4a732e1}</UniqueIdentifier>
    </Filter>
    <Filter Include="Prec header">
      <UniqueIdentifier>{8ea1d55c-18a5-4aba-804d-487a73d39203}</UniqueIdentifier>
    </Filter>
  </ItemGroup>
  <ItemGroup>
    <ClCompile Include="..\..\..\src\common\Common.cpp">
      <Filter>Prec header</Filter>
    </ClCompile>
  </ItemGroup>
</Project>