<?xml version="1.0" encoding="utf-8"?>
<Project ToolsVersion="4.0" xmlns="http://schemas.microsoft.com/developer/msbuild/2003">
  <ItemGroup>
    <Filter Include="Source">
      <UniqueIdentifier>{66bee275-c5e9-4ffa-acfe-566a19484cf4}</UniqueIdentifier>
    </Filter>
    <Filter Include="Header">
      <UniqueIdentifier>{e592f504-450b-4546-9686-c26363f9ad76}</UniqueIdentifier>
    </Filter>
    <Filter Include="PC Header">
      <UniqueIdentifier>{c4a19b75-a27a-42a2-85c2-571598cbdba3}</UniqueIdentifier>
    </Filter>
  </ItemGroup>
  <ItemGroup>
    <ClCompile Include="code\UMcfHeader.cpp">
      <Filter>Source</Filter>
    </ClCompile>
    <ClCompile Include="code\UMcfFile.cpp">
      <Filter>Source</Filter>
    </ClCompile>
    <ClCompile Include="code\UMcfFile_utils.cpp">
      <Filter>Source</Filter>
    </ClCompile>
    <ClCompile Include="code\UMcf.cpp">
      <Filter>Source</Filter>
    </ClCompile>
    <ClCompile Include="..\..\common\Common.cpp">
      <Filter>PC Header</Filter>
    </ClCompile>
  </ItemGroup>
  <ItemGroup>
    <ClInclude Include="..\..\include\umcf\UMcfHeader.h">
      <Filter>Source</Filter>
    </ClInclude>
    <ClInclude Include="..\..\include\umcf\UMcfFile.h">
      <Filter>Source</Filter>
    </ClInclude>
    <ClInclude Include="code\UMcfFile_utils.h">
      <Filter>Source</Filter>
    </ClInclude>
    <ClInclude Include="..\..\include\umcf\UMcf.h">
      <Filter>Source</Filter>
    </ClInclude>
    <ClInclude Include="..\..\common\Common.h">
      <Filter>PC Header</Filter>
    </ClInclude>
  </ItemGroup>
</Project>